
Microsoft Visual Studio Solution File, Format Version 12.00
# Visual Studio Version 16
VisualStudioVersion = 16.0.31025.194
MinimumVisualStudioVersion = 10.0.40219.1
Project("{FAE04EC0-301F-11D3-BF4B-00C04F79EFBC}") = "Conway", "Conway\Conway.csproj", "{ED1B48A9-78A7-4C06-801B-16CE9E75F4FD}"
EndProject
Global
	GlobalSection(SolutionConfigurationPlatforms) = preSolution
		Debug|Any CPU = Debug|Any CPU
		Release|Any CPU = Release|Any CPU
	EndGlobalSection
	GlobalSection(ProjectConfigurationPlatforms) = postSolution
		{ED1B48A9-78A7-4C06-801B-16CE9E75F4FD}.Debug|Any CPU.ActiveCfg = Debug|Any CPU
		{ED1B48A9-78A7-4C06-801B-16CE9E75F4FD}.Debug|Any CPU.Build.0 = Debug|Any CPU
		{ED1B48A9-78A7-4C06-801B-16CE9E75F4FD}.Release|Any CPU.ActiveCfg = Release|Any CPU
		{ED1B48A9-78A7-4C06-801B-16CE9E75F4FD}.Release|Any CPU.Build.0 = Release|Any CPU
	EndGlobalSection
	GlobalSection(SolutionProperties) = preSolution
		HideSolutionNode = FALSE
	EndGlobalSection
	GlobalSection(ExtensibilityGlobals) = postSolution
		SolutionGuid = {E6399ECB-734A-492B-8F52-C91C1F2BEB86}
	EndGlobalSection
EndGlobal
